
Microsoft Visual Studio Solution File, Format Version 12.00
# Visual Studio Version 16
VisualStudioVersion = 16.0.29728.190
MinimumVisualStudioVersion = 10.0.40219.1
Project("{FAE04EC0-301F-11D3-BF4B-00C04F79EFBC}") = "Brushup3sem", "Brushup3sem\Brushup3sem.csproj", "{E00CD4AB-55C8-4A5E-8301-85839BFD9018}"
EndProject
Global
	GlobalSection(SolutionConfigurationPlatforms) = preSolution
		Debug|Any CPU = Debug|Any CPU
		Release|Any CPU = Release|Any CPU
	EndGlobalSection
	GlobalSection(ProjectConfigurationPlatforms) = postSolution
		{E00CD4AB-55C8-4A5E-8301-85839BFD9018}.Debug|Any CPU.ActiveCfg = Debug|Any CPU
		{E00CD4AB-55C8-4A5E-8301-85839BFD9018}.Debug|Any CPU.Build.0 = Debug|Any CPU
		{E00CD4AB-55C8-4A5E-8301-85839BFD9018}.Release|Any CPU.ActiveCfg = Release|Any CPU
		{E00CD4AB-55C8-4A5E-8301-85839BFD9018}.Release|Any CPU.Build.0 = Release|Any CPU
	EndGlobalSection
	GlobalSection(SolutionProperties) = preSolution
		HideSolutionNode = FALSE
	EndGlobalSection
	GlobalSection(ExtensibilityGlobals) = postSolution
		SolutionGuid = {D87F797C-02FC-44BA-A79F-998E2DA5C2F1}
	EndGlobalSection
EndGlobal
